
Microsoft Visual Studio Solution File, Format Version 12.00
# Visual Studio Version 17
VisualStudioVersion = 17.5.33530.505
MinimumVisualStudioVersion = 10.0.40219.1
Project("{FAE04EC0-301F-11D3-BF4B-00C04F79EFBC}") = "Cabelo-Software", "Cabelo-Software\Cabelo-Software.csproj", "{D2786587-8B35-4C4B-AD44-553BDC5CE533}"
EndProject
Global
	GlobalSection(SolutionConfigurationPlatforms) = preSolution
		Debug|Any CPU = Debug|Any CPU
		Release|Any CPU = Release|Any CPU
	EndGlobalSection
	GlobalSection(ProjectConfigurationPlatforms) = postSolution
		{D2786587-8B35-4C4B-AD44-553BDC5CE533}.Debug|Any CPU.ActiveCfg = Debug|Any CPU
		{D2786587-8B35-4C4B-AD44-553BDC5CE533}.Debug|Any CPU.Build.0 = Debug|Any CPU
		{D2786587-8B35-4C4B-AD44-553BDC5CE533}.Release|Any CPU.ActiveCfg = Release|Any CPU
		{D2786587-8B35-4C4B-AD44-553BDC5CE533}.Release|Any CPU.Build.0 = Release|Any CPU
	EndGlobalSection
	GlobalSection(SolutionProperties) = preSolution
		HideSolutionNode = FALSE
	EndGlobalSection
	GlobalSection(ExtensibilityGlobals) = postSolution
		SolutionGuid = {09E665F0-6D5E-4ADE-8ED0-7E0E54806B69}
	EndGlobalSection
EndGlobal
